// !$*UTF8*$!
{
	archiveVersion = 1;
	classes = {
	};
	objectVersion = 46;
	objects = {

/* Begin PBXBuildFile section */
		795E58171DB548F40087156C /* imageController.swift in Sources */ = {isa = PBXBuildFile; fileRef = 795E58161DB548F40087156C /* imageController.swift */; };
		79ED0C971DB52C9400ACFE63 /* AppDelegate.swift in Sources */ = {isa = PBXBuildFile; fileRef = 79ED0C961DB52C9400ACFE63 /* AppDelegate.swift */; };
		79ED0C991DB52C9400ACFE63 /* ViewController.swift in Sources */ = {isa = PBXBuildFile; fileRef = 79ED0C981DB52C9400ACFE63 /* ViewController.swift */; };
		79ED0C9C1DB52C9400ACFE63 /* Main.storyboard in Resources */ = {isa = PBXBuildFile; fileRef = 79ED0C9A1DB52C9400ACFE63 /* Main.storyboard */; };
		79ED0C9E1DB52C9400ACFE63 /* Assets.xcassets in Resources */ = {isa = PBXBuildFile; fileRef = 79ED0C9D1DB52C9400ACFE63 /* Assets.xcassets */; };
		79ED0CA11DB52C9400ACFE63 /* LaunchScreen.storyboard in Resources */ = {isa = PBXBuildFile; fileRef = 79ED0C9F1DB52C9400ACFE63 /* LaunchScreen.storyboard */; };
		79ED0CAC1DB52C9400ACFE63 /* DeckOfOneCardAPISwift3Tests.swift in Sources */ = {isa = PBXBuildFile; fileRef = 79ED0CAB1DB52C9400ACFE63 /* DeckOfOneCardAPISwift3Tests.swift */; };
		79ED0CB71DB52F6C00ACFE63 /* NetworkController.swift in Sources */ = {isa = PBXBuildFile; fileRef = 79ED0CB61DB52F6C00ACFE63 /* NetworkController.swift */; };
		79ED0CB91DB5301100ACFE63 /* CardController.swift in Sources */ = {isa = PBXBuildFile; fileRef = 79ED0CB81DB5301100ACFE63 /* CardController.swift */; };
		79ED0CBB1DB5302900ACFE63 /* Card.swift in Sources */ = {isa = PBXBuildFile; fileRef = 79ED0CBA1DB5302900ACFE63 /* Card.swift */; };
/* End PBXBuildFile section */

/* Begin PBXContainerItemProxy section */
		79ED0CA81DB52C9400ACFE63 /* PBXContainerItemProxy */ = {
			isa = PBXContainerItemProxy;
			containerPortal = 79ED0C8B1DB52C9400ACFE63 /* Project object */;
			proxyType = 1;
			remoteGlobalIDString = 79ED0C921DB52C9400ACFE63;
			remoteInfo = DeckOfOneCardAPISwift3;
		};
/* End PBXContainerItemProxy section */

/* Begin PBXFileReference section */
		795E58161DB548F40087156C /* imageController.swift */ = {isa = PBXFileReference; fileEncoding = 4; lastKnownFileType = sourcecode.swift; path = imageController.swift; sourceTree = "<group>"; };
		79ED0C931DB52C9400ACFE63 /* DeckOfOneCardAPISwift3.app */ = {isa = PBXFileReference; explicitFileType = wrapper.application; includeInIndex = 0; path = DeckOfOneCardAPISwift3.app; sourceTree = BUILT_PRODUCTS_DIR; };
		79ED0C961DB52C9400ACFE63 /* AppDelegate.swift */ = {isa = PBXFileReference; lastKnownFileType = sourcecode.swift; path = AppDelegate.swift; sourceTree = "<group>"; };
		79ED0C981DB52C9400ACFE63 /* ViewController.swift */ = {isa = PBXFileReference; lastKnownFileType = sourcecode.swift; path = ViewController.swift; sourceTree = "<group>"; };
		79ED0C9B1DB52C9400ACFE63 /* Base */ = {isa = PBXFileReference; lastKnownFileType = file.storyboard; name = Base; path = Base.lproj/Main.storyboard; sourceTree = "<group>"; };
		79ED0C9D1DB52C9400ACFE63 /* Assets.xcassets */ = {isa = PBXFileReference; lastKnownFileType = folder.assetcatalog; path = Assets.xcassets; sourceTree = "<group>"; };
		79ED0CA01DB52C9400ACFE63 /* Base */ = {isa = PBXFileReference; lastKnownFileType = file.storyboard; name = Base; path = Base.lproj/LaunchScreen.storyboard; sourceTree = "<group>"; };
		79ED0CA21DB52C9400ACFE63 /* Info.plist */ = {isa = PBXFileReference; lastKnownFileType = text.plist.xml; path = Info.plist; sourceTree = "<group>"; };
		79ED0CA71DB52C9400ACFE63 /* DeckOfOneCardAPISwift3Tests.xctest */ = {isa = PBXFileReference; explicitFileType = wrapper.cfbundle; includeInIndex = 0; path = DeckOfOneCardAPISwift3Tests.xctest; sourceTree = BUILT_PRODUCTS_DIR; };
		79ED0CAB1DB52C9400ACFE63 /* DeckOfOneCardAPISwift3Tests.swift */ = {isa = PBXFileReference; lastKnownFileType = sourcecode.swift; path = DeckOfOneCardAPISwift3Tests.swift; sourceTree = "<group>"; };
		79ED0CAD1DB52C9400ACFE63 /* Info.plist */ = {isa = PBXFileReference; lastKnownFileType = text.plist.xml; path = Info.plist; sourceTree = "<group>"; };
		79ED0CB61DB52F6C00ACFE63 /* NetworkController.swift */ = {isa = PBXFileReference; fileEncoding = 4; lastKnownFileType = sourcecode.swift; path = NetworkController.swift; sourceTree = "<group>"; };
		79ED0CB81DB5301100ACFE63 /* CardController.swift */ = {isa = PBXFileReference; fileEncoding = 4; lastKnownFileType = sourcecode.swift; path = CardController.swift; sourceTree = "<group>"; };
		79ED0CBA1DB5302900ACFE63 /* Card.swift */ = {isa = PBXFileReference; fileEncoding = 4; lastKnownFileType = sourcecode.swift; path = Card.swift; sourceTree = "<group>"; };
/* End PBXFileReference section */

/* Begin PBXFrameworksBuildPhase section */
		79ED0C901DB52C9400ACFE63 /* Frameworks */ = {
			isa = PBXFrameworksBuildPhase;
			buildActionMask = 2147483647;
			files = (
			);
			runOnlyForDeploymentPostprocessing = 0;
		};
		79ED0CA41DB52C9400ACFE63 /* Frameworks */ = {
			isa = PBXFrameworksBuildPhase;
			buildActionMask = 2147483647;
			files = (
			);
			runOnlyForDeploymentPostprocessing = 0;
		};
/* End PBXFrameworksBuildPhase section */

/* Begin PBXGroup section */
		79ED0C8A1DB52C9400ACFE63 = {
			isa = PBXGroup;
			children = (
				79ED0C951DB52C9400ACFE63 /* DeckOfOneCardAPISwift3 */,
				79ED0CAA1DB52C9400ACFE63 /* DeckOfOneCardAPISwift3Tests */,
				79ED0C941DB52C9400ACFE63 /* Products */,
			);
			sourceTree = "<group>";
		};
		79ED0C941DB52C9400ACFE63 /* Products */ = {
			isa = PBXGroup;
			children = (
				79ED0C931DB52C9400ACFE63 /* DeckOfOneCardAPISwift3.app */,
				79ED0CA71DB52C9400ACFE63 /* DeckOfOneCardAPISwift3Tests.xctest */,
			);
			name = Products;
			sourceTree = "<group>";
		};
		79ED0C951DB52C9400ACFE63 /* DeckOfOneCardAPISwift3 */ = {
			isa = PBXGroup;
			children = (
				79ED0C961DB52C9400ACFE63 /* AppDelegate.swift */,
				79ED0C9A1DB52C9400ACFE63 /* Main.storyboard */,
				79ED0CBA1DB5302900ACFE63 /* Card.swift */,
				79ED0CB81DB5301100ACFE63 /* CardController.swift */,
				795E58161DB548F40087156C /* imageController.swift */,
				79ED0C981DB52C9400ACFE63 /* ViewController.swift */,
				79ED0CB61DB52F6C00ACFE63 /* NetworkController.swift */,
				79ED0C9D1DB52C9400ACFE63 /* Assets.xcassets */,
				79ED0C9F1DB52C9400ACFE63 /* LaunchScreen.storyboard */,
				79ED0CA21DB52C9400ACFE63 /* Info.plist */,
			);
			path = DeckOfOneCardAPISwift3;
			sourceTree = "<group>";
		};
		79ED0CAA1DB52C9400ACFE63 /* DeckOfOneCardAPISwift3Tests */ = {
			isa = PBXGroup;
			children = (
				79ED0CAB1DB52C9400ACFE63 /* DeckOfOneCardAPISwift3Tests.swift */,
				79ED0CAD1DB52C9400ACFE63 /* Info.plist */,
			);
			path = DeckOfOneCardAPISwift3Tests;
			sourceTree = "<group>";
		};
/* End PBXGroup section */

/* Begin PBXNativeTarget section */
		79ED0C921DB52C9400ACFE63 /* DeckOfOneCardAPISwift3 */ = {
			isa = PBXNativeTarget;
			buildConfigurationList = 79ED0CB01DB52C9400ACFE63 /* Build configuration list for PBXNativeTarget "DeckOfOneCardAPISwift3" */;
			buildPhases = (
				79ED0C8F1DB52C9400ACFE63 /* Sources */,
				79ED0C901DB52C9400ACFE63 /* Frameworks */,
				79ED0C911DB52C9400ACFE63 /* Resources */,
			);
			buildRules = (
			);
			dependencies = (
			);
			name = DeckOfOneCardAPISwift3;
			productName = DeckOfOneCardAPISwift3;
			productReference = 79ED0C931DB52C9400ACFE63 /* DeckOfOneCardAPISwift3.app */;
			productType = "com.apple.product-type.application";
		};
		79ED0CA61DB52C9400ACFE63 /* DeckOfOneCardAPISwift3Tests */ = {
			isa = PBXNativeTarget;
			buildConfigurationList = 79ED0CB31DB52C9400ACFE63 /* Build configuration list for PBXNativeTarget "DeckOfOneCardAPISwift3Tests" */;
			buildPhases = (
				79ED0CA31DB52C9400ACFE63 /* Sources */,
				79ED0CA41DB52C9400ACFE63 /* Frameworks */,
				79ED0CA51DB52C9400ACFE63 /* Resources */,
			);
			buildRules = (
			);
			dependencies = (
				79ED0CA91DB52C9400ACFE63 /* PBXTargetDependency */,
			);
			name = DeckOfOneCardAPISwift3Tests;
			productName = DeckOfOneCardAPISwift3Tests;
			productReference = 79ED0CA71DB52C9400ACFE63 /* DeckOfOneCardAPISwift3Tests.xctest */;
			productType = "com.apple.product-type.bundle.unit-test";
		};
/* End PBXNativeTarget section */

/* Begin PBXProject section */
		79ED0C8B1DB52C9400ACFE63 /* Project object */ = {
			isa = PBXProject;
			attributes = {
				LastSwiftUpdateCheck = 0800;
				LastUpgradeCheck = 0800;
				ORGANIZATIONNAME = "Patrick Pahl";
				TargetAttributes = {
					79ED0C921DB52C9400ACFE63 = {
						CreatedOnToolsVersion = 8.0;
						ProvisioningStyle = Automatic;
					};
					79ED0CA61DB52C9400ACFE63 = {
						CreatedOnToolsVersion = 8.0;
						ProvisioningStyle = Automatic;
						TestTargetID = 79ED0C921DB52C9400ACFE63;
					};
				};
			};
			buildConfigurationList = 79ED0C8E1DB52C9400ACFE63 /* Build configuration list for PBXProject "DeckOfOneCardAPISwift3" */;
			compatibilityVersion = "Xcode 3.2";
			developmentRegion = English;
			hasScannedForEncodings = 0;
			knownRegions = (
				en,
				Base,
			);
			mainGroup = 79ED0C8A1DB52C9400ACFE63;
			productRefGroup = 79ED0C941DB52C9400ACFE63 /* Products */;
			projectDirPath = "";
			projectRoot = "";
			targets = (
				79ED0C921DB52C9400ACFE63 /* DeckOfOneCardAPISwift3 */,
				79ED0CA61DB52C9400ACFE63 /* DeckOfOneCardAPISwift3Tests */,
			);
		};
/* End PBXProject section */

/* Begin PBXResourcesBuildPhase section */
		79ED0C911DB52C9400ACFE63 /* Resources */ = {
			isa = PBXResourcesBuildPhase;
			buildActionMask = 2147483647;
			files = (
				79ED0CA11DB52C9400ACFE63 /* LaunchScreen.storyboard in Resources */,
				79ED0C9E1DB52C9400ACFE63 /* Assets.xcassets in Resources */,
				79ED0C9C1DB52C9400ACFE63 /* Main.storyboard in Resources */,
			);
			runOnlyForDeploymentPostprocessing = 0;
		};
		79ED0CA51DB52C9400ACFE63 /* Resources */ = {
			isa = PBXResourcesBuildPhase;
			buildActionMask = 2147483647;
			files = (
			);
			runOnlyForDeploymentPostprocessing = 0;
		};
/* End PBXResourcesBuildPhase section */

/* Begin PBXSourcesBuildPhase section */
		79ED0C8F1DB52C9400ACFE63 /* Sources */ = {
			isa = PBXSourcesBuildPhase;
			buildActionMask = 2147483647;
			files = (
				79ED0C991DB52C9400ACFE63 /* ViewController.swift in Sources */,
				79ED0CB91DB5301100ACFE63 /* CardController.swift in Sources */,
				79ED0CBB1DB5302900ACFE63 /* Card.swift in Sources */,
				79ED0C971DB52C9400ACFE63 /* AppDelegate.swift in Sources */,
				79ED0CB71DB52F6C00ACFE63 /* NetworkController.swift in Sources */,
				795E58171DB548F40087156C /* imageController.swift in Sources */,
			);
			runOnlyForDeploymentPostprocessing = 0;
		};
		79ED0CA31DB52C9400ACFE63 /* Sources */ = {
			isa = PBXSourcesBuildPhase;
			buildActionMask = 2147483647;
			files = (
				79ED0CAC1DB52C9400ACFE63 /* DeckOfOneCardAPISwift3Tests.swift in Sources */,
			);
			runOnlyForDeploymentPostprocessing = 0;
		};
/* End PBXSourcesBuildPhase section */

/* Begin PBXTargetDependency section */
		79ED0CA91DB52C9400ACFE63 /* PBXTargetDependency */ = {
			isa = PBXTargetDependency;
			target = 79ED0C921DB52C9400ACFE63 /* DeckOfOneCardAPISwift3 */;
			targetProxy = 79ED0CA81DB52C9400ACFE63 /* PBXContainerItemProxy */;
		};
/* End PBXTargetDependency section */

/* Begin PBXVariantGroup section */
		79ED0C9A1DB52C9400ACFE63 /* Main.storyboard */ = {
			isa = PBXVariantGroup;
			children = (
				79ED0C9B1DB52C9400ACFE63 /* Base */,
			);
			name = Main.storyboard;
			sourceTree = "<group>";
		};
		79ED0C9F1DB52C9400ACFE63 /* LaunchScreen.storyboard */ = {
			isa = PBXVariantGroup;
			children = (
				79ED0CA01DB52C9400ACFE63 /* Base */,
			);
			name = LaunchScreen.storyboard;
			sourceTree = "<group>";
		};
/* End PBXVariantGroup section */

/* Begin XCBuildConfiguration section */
		79ED0CAE1DB52C9400ACFE63 /* Debug */ = {
			isa = XCBuildConfiguration;
			buildSettings = {
				ALWAYS_SEARCH_USER_PATHS = NO;
				CLANG_ANALYZER_NONNULL = YES;
				CLANG_CXX_LANGUAGE_STANDARD = "gnu++0x";
				CLANG_CXX_LIBRARY = "libc++";
				CLANG_ENABLE_MODULES = YES;
				CLANG_ENABLE_OBJC_ARC = YES;
				CLANG_WARN_BOOL_CONVERSION = YES;
				CLANG_WARN_CONSTANT_CONVERSION = YES;
				CLANG_WARN_DIRECT_OBJC_ISA_USAGE = YES_ERROR;
				CLANG_WARN_DOCUMENTATION_COMMENTS = YES;
				CLANG_WARN_EMPTY_BODY = YES;
				CLANG_WARN_ENUM_CONVERSION = YES;
				CLANG_WARN_INFINITE_RECURSION = YES;
				CLANG_WARN_INT_CONVERSION = YES;
				CLANG_WARN_OBJC_ROOT_CLASS = YES_ERROR;
				CLANG_WARN_SUSPICIOUS_MOVES = YES;
				CLANG_WARN_UNREACHABLE_CODE = YES;
				CLANG_WARN__DUPLICATE_METHOD_MATCH = YES;
				"CODE_SIGN_IDENTITY[sdk=iphoneos*]" = "iPhone Developer";
				COPY_PHASE_STRIP = NO;
				DEBUG_INFORMATION_FORMAT = dwarf;
				ENABLE_STRICT_OBJC_MSGSEND = YES;
				ENABLE_TESTABILITY = YES;
				GCC_C_LANGUAGE_STANDARD = gnu99;
				GCC_DYNAMIC_NO_PIC = NO;
				GCC_NO_COMMON_BLOCKS = YES;
				GCC_OPTIMIZATION_LEVEL = 0;
				GCC_PREPROCESSOR_DEFINITIONS = (
					"DEBUG=1",
					"$(inherited)",
				);
				GCC_WARN_64_TO_32_BIT_CONVERSION = YES;
				GCC_WARN_ABOUT_RETURN_TYPE = YES_ERROR;
				GCC_WARN_UNDECLARED_SELECTOR = YES;
				GCC_WARN_UNINITIALIZED_AUTOS = YES_AGGRESSIVE;
				GCC_WARN_UNUSED_FUNCTION = YES;
				GCC_WARN_UNUSED_VARIABLE = YES;
				IPHONEOS_DEPLOYMENT_TARGET = 10.0;
				MTL_ENABLE_DEBUG_INFO = YES;
				ONLY_ACTIVE_ARCH = YES;
				SDKROOT = iphoneos;
				SWIFT_ACTIVE_COMPILATION_CONDITIONS = DEBUG;
				SWIFT_OPTIMIZATION_LEVEL = "-Onone";
				TARGETED_DEVICE_FAMILY = "1,2";
			};
			name = Debug;
		};
		79ED0CAF1DB52C9400ACFE63 /* Release */ = {
			isa = XCBuildConfiguration;
			buildSettings = {
				ALWAYS_SEARCH_USER_PATHS = NO;
				CLANG_ANALYZER_NONNULL = YES;
				CLANG_CXX_LANGUAGE_STANDARD = "gnu++0x";
				CLANG_CXX_LIBRARY = "libc++";
				CLANG_ENABLE_MODULES = YES;
				CLANG_ENABLE_OBJC_ARC = YES;
				CLANG_WARN_BOOL_CONVERSION = YES;
				CLANG_WARN_CONSTANT_CONVERSION = YES;
				CLANG_WARN_DIRECT_OBJC_ISA_USAGE = YES_ERROR;
				CLANG_WARN_DOCUMENTATION_COMMENTS = YES;
				CLANG_WARN_EMPTY_BODY = YES;
				CLANG_WARN_ENUM_CONVERSION = YES;
				CLANG_WARN_INFINITE_RECURSION = YES;
				CLANG_WARN_INT_CONVERSION = YES;
				CLANG_WARN_OBJC_ROOT_CLASS = YES_ERROR;
				CLANG_WARN_SUSPICIOUS_MOVES = YES;
				CLANG_WARN_UNREACHABLE_CODE = YES;
				CLANG_WARN__DUPLICATE_METHOD_MATCH = YES;
				"CODE_SIGN_IDENTITY[sdk=iphoneos*]" = "iPhone Developer";
				COPY_PHASE_STRIP = NO;
				DEBUG_INFORMATION_FORMAT = "dwarf-with-dsym";
				ENABLE_NS_ASSERTIONS = NO;
				ENABLE_STRICT_OBJC_MSGSEND = YES;
				GCC_C_LANGUAGE_STANDARD = gnu99;
				GCC_NO_COMMON_BLOCKS = YES;
				GCC_WARN_64_TO_32_BIT_CONVERSION = YES;
				GCC_WARN_ABOUT_RETURN_TYPE = YES_ERROR;
				GCC_WARN_UNDECLARED_SELECTOR = YES;
				GCC_WARN_UNINITIALIZED_AUTOS = YES_AGGRESSIVE;
				GCC_WARN_UNUSED_FUNCTION = YES;
				GCC_WARN_UNUSED_VARIABLE = YES;
				IPHONEOS_DEPLOYMENT_TARGET = 10.0;
				MTL_ENABLE_DEBUG_INFO = NO;
				SDKROOT = iphoneos;
				SWIFT_OPTIMIZATION_LEVEL = "-Owholemodule";
				TARGETED_DEVICE_FAMILY = "1,2";
				VALIDATE_PRODUCT = YES;
			};
			name = Release;
		};
		79ED0CB11DB52C9400ACFE63 /* Debug */ = {
			isa = XCBuildConfiguration;
			buildSettings = {
				ASSETCATALOG_COMPILER_APPICON_NAME = AppIcon;
				INFOPLIST_FILE = DeckOfOneCardAPISwift3/Info.plist;
				LD_RUNPATH_SEARCH_PATHS = "$(inherited) @executable_path/Frameworks";
				PRODUCT_BUNDLE_IDENTIFIER = "Patrick-Pahl.DeckOfOneCardAPISwift3";
				PRODUCT_NAME = "$(TARGET_NAME)";
				SWIFT_VERSION = 3.0;
			};
			name = Debug;
		};
		79ED0CB21DB52C9400ACFE63 /* Release */ = {
			isa = XCBuildConfiguration;
			buildSettings = {
				ASSETCATALOG_COMPILER_APPICON_NAME = AppIcon;
				INFOPLIST_FILE = DeckOfOneCardAPISwift3/Info.plist;
				LD_RUNPATH_SEARCH_PATHS = "$(inherited) @executable_path/Frameworks";
				PRODUCT_BUNDLE_IDENTIFIER = "Patrick-Pahl.DeckOfOneCardAPISwift3";
				PRODUCT_NAME = "$(TARGET_NAME)";
				SWIFT_VERSION = 3.0;
			};
			name = Release;
		};
		79ED0CB41DB52C9400ACFE63 /* Debug */ = {
			isa = XCBuildConfiguration;
			buildSettings = {
				ALWAYS_EMBED_SWIFT_STANDARD_LIBRARIES = YES;
				BUNDLE_LOADER = "$(TEST_HOST)";
				INFOPLIST_FILE = DeckOfOneCardAPISwift3Tests/Info.plist;
				LD_RUNPATH_SEARCH_PATHS = "$(inherited) @executable_path/Frameworks @loader_path/Frameworks";
				PRODUCT_BUNDLE_IDENTIFIER = "Patrick-Pahl.DeckOfOneCardAPISwift3Tests";
				PRODUCT_NAME = "$(TARGET_NAME)";
				SWIFT_VERSION = 3.0;
				TEST_HOST = "$(BUILT_PRODUCTS_DIR)/DeckOfOneCardAPISwift3.app/DeckOfOneCardAPISwift3";
			};
			name = Debug;
		};
		79ED0CB51DB52C9400ACFE63 /* Release */ = {
			isa = XCBuildConfiguration;
			buildSettings = {
				ALWAYS_EMBED_SWIFT_STANDARD_LIBRARIES = YES;
				BUNDLE_LOADER = "$(TEST_HOST)";
				INFOPLIST_FILE = DeckOfOneCardAPISwift3Tests/Info.plist;
				LD_RUNPATH_SEARCH_PATHS = "$(inherited) @executable_path/Frameworks @loader_path/Frameworks";
				PRODUCT_BUNDLE_IDENTIFIER = "Patrick-Pahl.DeckOfOneCardAPISwift3Tests";
				PRODUCT_NAME = "$(TARGET_NAME)";
				SWIFT_VERSION = 3.0;
				TEST_HOST = "$(BUILT_PRODUCTS_DIR)/DeckOfOneCardAPISwift3.app/DeckOfOneCardAPISwift3";
			};
			name = Release;
		};
/* End XCBuildConfiguration section */

/* Begin XCConfigurationList section */
		79ED0C8E1DB52C9400ACFE63 /* Build configuration list for PBXProject "DeckOfOneCardAPISwift3" */ = {
			isa = XCConfigurationList;
			buildConfigurations = (
				79ED0CAE1DB52C9400ACFE63 /* Debug */,
				79ED0CAF1DB52C9400ACFE63 /* Release */,
			);
			defaultConfigurationIsVisible = 0;
			defaultConfigurationName = Release;
		};
		79ED0CB01DB52C9400ACFE63 /* Build configuration list for PBXNativeTarget "DeckOfOneCardAPISwift3" */ = {
			isa = XCConfigurationList;
			buildConfigurations = (
				79ED0CB11DB52C9400ACFE63 /* Debug */,
				79ED0CB21DB52C9400ACFE63 /* Release */,
			);
			defaultConfigurationIsVisible = 0;
			defaultConfigurationName = Release;
		};
		79ED0CB31DB52C9400ACFE63 /* Build configuration list for PBXNativeTarget "DeckOfOneCardAPISwift3Tests" */ = {
			isa = XCConfigurationList;
			buildConfigurations = (
				79ED0CB41DB52C9400ACFE63 /* Debug */,
				79ED0CB51DB52C9400ACFE63 /* Release */,
			);
			defaultConfigurationIsVisible = 0;
			defaultConfigurationName = Release;
		};
/* End XCConfigurationList section */
	};
	rootObject = 79ED0C8B1DB52C9400ACFE63 /* Project object */;
}
